// !$*UTF8*$!
{
	archiveVersion = 1;
	classes = {
	};
	objectVersion = 55;
	objects = {

/* Begin PBXBuildFile section */
		7425BDF1288FCF11006F4B63 /* AppDelegate.swift in Sources */ = {isa = PBXBuildFile; fileRef = 7425BDF0288FCF11006F4B63 /* AppDelegate.swift */; };
		7425BDF3288FCF11006F4B63 /* SceneDelegate.swift in Sources */ = {isa = PBXBuildFile; fileRef = 7425BDF2288FCF11006F4B63 /* SceneDelegate.swift */; };
		7425BDF5288FCF11006F4B63 /* ViewController.swift in Sources */ = {isa = PBXBuildFile; fileRef = 7425BDF4288FCF11006F4B63 /* ViewController.swift */; };
		7425BDF8288FCF11006F4B63 /* Main.storyboard in Resources */ = {isa = PBXBuildFile; fileRef = 7425BDF6288FCF11006F4B63 /* Main.storyboard */; };
		7425BDFA288FCF13006F4B63 /* Assets.xcassets in Resources */ = {isa = PBXBuildFile; fileRef = 7425BDF9288FCF13006F4B63 /* Assets.xcassets */; };
		7425BDFD288FCF13006F4B63 /* LaunchScreen.storyboard in Resources */ = {isa = PBXBuildFile; fileRef = 7425BDFB288FCF13006F4B63 /* LaunchScreen.storyboard */; };
		7425BE07288FD727006F4B63 /* CharacterTableViewCell.swift in Sources */ = {isa = PBXBuildFile; fileRef = 7425BE05288FD727006F4B63 /* CharacterTableViewCell.swift */; };
		7425BE08288FD727006F4B63 /* CharacterTableViewCell.xib in Resources */ = {isa = PBXBuildFile; fileRef = 7425BE06288FD727006F4B63 /* CharacterTableViewCell.xib */; };
		7425BE0D288FDC7C006F4B63 /* CharacterInfoResult.swift in Sources */ = {isa = PBXBuildFile; fileRef = 7425BE0C288FDC7C006F4B63 /* CharacterInfoResult.swift */; };
		7425BE10288FDE26006F4B63 /* SearchService.swift in Sources */ = {isa = PBXBuildFile; fileRef = 7425BE0F288FDE26006F4B63 /* SearchService.swift */; };
		749F39E228912DAF00078B67 /* SearchMode.swift in Sources */ = {isa = PBXBuildFile; fileRef = 749F39E128912DAF00078B67 /* SearchMode.swift */; };
		9A87786F37F698140BC9753A /* Pods_RickAndMorty.framework in Frameworks */ = {isa = PBXBuildFile; fileRef = 0DB062DABA6D80D686FECE2D /* Pods_RickAndMorty.framework */; };
/* End PBXBuildFile section */

/* Begin PBXFileReference section */
		009D80FB516B89E1BE632939 /* Pods-RickAndMorty.debug.xcconfig */ = {isa = PBXFileReference; includeInIndex = 1; lastKnownFileType = text.xcconfig; name = "Pods-RickAndMorty.debug.xcconfig"; path = "Target Support Files/Pods-RickAndMorty/Pods-RickAndMorty.debug.xcconfig"; sourceTree = "<group>"; };
		0DB062DABA6D80D686FECE2D /* Pods_RickAndMorty.framework */ = {isa = PBXFileReference; explicitFileType = wrapper.framework; includeInIndex = 0; path = Pods_RickAndMorty.framework; sourceTree = BUILT_PRODUCTS_DIR; };
		34ACEC9FA0C3DD15F8BF8F1A /* Pods-RickAndMorty.release.xcconfig */ = {isa = PBXFileReference; includeInIndex = 1; lastKnownFileType = text.xcconfig; name = "Pods-RickAndMorty.release.xcconfig"; path = "Target Support Files/Pods-RickAndMorty/Pods-RickAndMorty.release.xcconfig"; sourceTree = "<group>"; };
		7425BDED288FCF11006F4B63 /* RickAndMorty.app */ = {isa = PBXFileReference; explicitFileType = wrapper.application; includeInIndex = 0; path = RickAndMorty.app; sourceTree = BUILT_PRODUCTS_DIR; };
		7425BDF0288FCF11006F4B63 /* AppDelegate.swift */ = {isa = PBXFileReference; lastKnownFileType = sourcecode.swift; path = AppDelegate.swift; sourceTree = "<group>"; };
		7425BDF2288FCF11006F4B63 /* SceneDelegate.swift */ = {isa = PBXFileReference; lastKnownFileType = sourcecode.swift; path = SceneDelegate.swift; sourceTree = "<group>"; };
		7425BDF4288FCF11006F4B63 /* ViewController.swift */ = {isa = PBXFileReference; lastKnownFileType = sourcecode.swift; path = ViewController.swift; sourceTree = "<group>"; };
		7425BDF7288FCF11006F4B63 /* Base */ = {isa = PBXFileReference; lastKnownFileType = file.storyboard; name = Base; path = Base.lproj/Main.storyboard; sourceTree = "<group>"; };
		7425BDF9288FCF13006F4B63 /* Assets.xcassets */ = {isa = PBXFileReference; lastKnownFileType = folder.assetcatalog; path = Assets.xcassets; sourceTree = "<group>"; };
		7425BDFC288FCF13006F4B63 /* Base */ = {isa = PBXFileReference; lastKnownFileType = file.storyboard; name = Base; path = Base.lproj/LaunchScreen.storyboard; sourceTree = "<group>"; };
		7425BDFE288FCF13006F4B63 /* Info.plist */ = {isa = PBXFileReference; lastKnownFileType = text.plist.xml; path = Info.plist; sourceTree = "<group>"; };
		7425BE05288FD727006F4B63 /* CharacterTableViewCell.swift */ = {isa = PBXFileReference; lastKnownFileType = sourcecode.swift; path = CharacterTableViewCell.swift; sourceTree = "<group>"; };
		7425BE06288FD727006F4B63 /* CharacterTableViewCell.xib */ = {isa = PBXFileReference; lastKnownFileType = file.xib; path = CharacterTableViewCell.xib; sourceTree = "<group>"; };
		7425BE0C288FDC7C006F4B63 /* CharacterInfoResult.swift */ = {isa = PBXFileReference; lastKnownFileType = sourcecode.swift; path = CharacterInfoResult.swift; sourceTree = "<group>"; };
		7425BE0F288FDE26006F4B63 /* SearchService.swift */ = {isa = PBXFileReference; lastKnownFileType = sourcecode.swift; path = SearchService.swift; sourceTree = "<group>"; };
		749F39E128912DAF00078B67 /* SearchMode.swift */ = {isa = PBXFileReference; lastKnownFileType = sourcecode.swift; path = SearchMode.swift; sourceTree = "<group>"; };
/* End PBXFileReference section */

/* Begin PBXFrameworksBuildPhase section */
		7425BDEA288FCF11006F4B63 /* Frameworks */ = {
			isa = PBXFrameworksBuildPhase;
			buildActionMask = 2147483647;
			files = (
				9A87786F37F698140BC9753A /* Pods_RickAndMorty.framework in Frameworks */,
			);
			runOnlyForDeploymentPostprocessing = 0;
		};
/* End PBXFrameworksBuildPhase section */

/* Begin PBXGroup section */
		1689C2852765FC2E2894BBE7 /* Frameworks */ = {
			isa = PBXGroup;
			children = (
				0DB062DABA6D80D686FECE2D /* Pods_RickAndMorty.framework */,
			);
			name = Frameworks;
			sourceTree = "<group>";
		};
		7425BDE4288FCF11006F4B63 = {
			isa = PBXGroup;
			children = (
				7425BDEF288FCF11006F4B63 /* RickAndMorty */,
				7425BDEE288FCF11006F4B63 /* Products */,
				78D3073D8AC869AD661C3A27 /* Pods */,
				1689C2852765FC2E2894BBE7 /* Frameworks */,
			);
			sourceTree = "<group>";
		};
		7425BDEE288FCF11006F4B63 /* Products */ = {
			isa = PBXGroup;
			children = (
				7425BDED288FCF11006F4B63 /* RickAndMorty.app */,
			);
			name = Products;
			sourceTree = "<group>";
		};
		7425BDEF288FCF11006F4B63 /* RickAndMorty */ = {
			isa = PBXGroup;
			children = (
				7425BDF0288FCF11006F4B63 /* AppDelegate.swift */,
				7425BDF2288FCF11006F4B63 /* SceneDelegate.swift */,
				7425BE0E288FDD6F006F4B63 /* Services */,
				7425BE0B288FDC52006F4B63 /* Models */,
				7425BE09288FDC0B006F4B63 /* Controllers */,
				7425BE04288FD6E0006F4B63 /* Cell */,
				7425BE0A288FDC1E006F4B63 /* Views */,
				7425BDF9288FCF13006F4B63 /* Assets.xcassets */,
				7425BDFE288FCF13006F4B63 /* Info.plist */,
			);
			path = RickAndMorty;
			sourceTree = "<group>";
		};
		7425BE04288FD6E0006F4B63 /* Cell */ = {
			isa = PBXGroup;
			children = (
				7425BE05288FD727006F4B63 /* CharacterTableViewCell.swift */,
				7425BE06288FD727006F4B63 /* CharacterTableViewCell.xib */,
			);
			path = Cell;
			sourceTree = "<group>";
		};
		7425BE09288FDC0B006F4B63 /* Controllers */ = {
			isa = PBXGroup;
			children = (
				7425BDF4288FCF11006F4B63 /* ViewController.swift */,
			);
			path = Controllers;
			sourceTree = "<group>";
		};
		7425BE0A288FDC1E006F4B63 /* Views */ = {
			isa = PBXGroup;
			children = (
				7425BDF6288FCF11006F4B63 /* Main.storyboard */,
				7425BDFB288FCF13006F4B63 /* LaunchScreen.storyboard */,
			);
			path = Views;
			sourceTree = "<group>";
		};
		7425BE0B288FDC52006F4B63 /* Models */ = {
			isa = PBXGroup;
			children = (
				7425BE0C288FDC7C006F4B63 /* CharacterInfoResult.swift */,
			);
			path = Models;
			sourceTree = "<group>";
		};
		7425BE0E288FDD6F006F4B63 /* Services */ = {
			isa = PBXGroup;
			children = (
				7425BE0F288FDE26006F4B63 /* SearchService.swift */,
				749F39E128912DAF00078B67 /* SearchMode.swift */,
			);
			path = Services;
			sourceTree = "<group>";
		};
		78D3073D8AC869AD661C3A27 /* Pods */ = {
			isa = PBXGroup;
			children = (
				009D80FB516B89E1BE632939 /* Pods-RickAndMorty.debug.xcconfig */,
				34ACEC9FA0C3DD15F8BF8F1A /* Pods-RickAndMorty.release.xcconfig */,
			);
			path = Pods;
			sourceTree = "<group>";
		};
/* End PBXGroup section */

/* Begin PBXNativeTarget section */
		7425BDEC288FCF11006F4B63 /* RickAndMorty */ = {
			isa = PBXNativeTarget;
			buildConfigurationList = 7425BE01288FCF13006F4B63 /* Build configuration list for PBXNativeTarget "RickAndMorty" */;
			buildPhases = (
				F5AF24F78A11488DCD64FD01 /* [CP] Check Pods Manifest.lock */,
				7425BDE9288FCF11006F4B63 /* Sources */,
				7425BDEA288FCF11006F4B63 /* Frameworks */,
				7425BDEB288FCF11006F4B63 /* Resources */,
				580642C0636495967EA530B0 /* [CP] Embed Pods Frameworks */,
			);
			buildRules = (
			);
			dependencies = (
			);
			name = RickAndMorty;
			productName = RickAndMorty;
			productReference = 7425BDED288FCF11006F4B63 /* RickAndMorty.app */;
			productType = "com.apple.product-type.application";
		};
/* End PBXNativeTarget section */

/* Begin PBXProject section */
		7425BDE5288FCF11006F4B63 /* Project object */ = {
			isa = PBXProject;
			attributes = {
				BuildIndependentTargetsInParallel = 1;
				LastSwiftUpdateCheck = 1340;
				LastUpgradeCheck = 1340;
				TargetAttributes = {
					7425BDEC288FCF11006F4B63 = {
						CreatedOnToolsVersion = 13.4;
					};
				};
			};
			buildConfigurationList = 7425BDE8288FCF11006F4B63 /* Build configuration list for PBXProject "RickAndMorty" */;
			compatibilityVersion = "Xcode 13.0";
			developmentRegion = en;
			hasScannedForEncodings = 0;
			knownRegions = (
				en,
				Base,
			);
			mainGroup = 7425BDE4288FCF11006F4B63;
			productRefGroup = 7425BDEE288FCF11006F4B63 /* Products */;
			projectDirPath = "";
			projectRoot = "";
			targets = (
				7425BDEC288FCF11006F4B63 /* RickAndMorty */,
			);
		};
/* End PBXProject section */

/* Begin PBXResourcesBuildPhase section */
		7425BDEB288FCF11006F4B63 /* Resources */ = {
			isa = PBXResourcesBuildPhase;
			buildActionMask = 2147483647;
			files = (
				7425BDFD288FCF13006F4B63 /* LaunchScreen.storyboard in Resources */,
				7425BDFA288FCF13006F4B63 /* Assets.xcassets in Resources */,
				7425BDF8288FCF11006F4B63 /* Main.storyboard in Resources */,
				7425BE08288FD727006F4B63 /* CharacterTableViewCell.xib in Resources */,
			);
			runOnlyForDeploymentPostprocessing = 0;
		};
/* End PBXResourcesBuildPhase section */

/* Begin PBXShellScriptBuildPhase section */
		580642C0636495967EA530B0 /* [CP] Embed Pods Frameworks */ = {
			isa = PBXShellScriptBuildPhase;
			buildActionMask = 2147483647;
			files = (
			);
			inputFileListPaths = (
				"${PODS_ROOT}/Target Support Files/Pods-RickAndMorty/Pods-RickAndMorty-frameworks-${CONFIGURATION}-input-files.xcfilelist",
			);
			name = "[CP] Embed Pods Frameworks";
			outputFileListPaths = (
				"${PODS_ROOT}/Target Support Files/Pods-RickAndMorty/Pods-RickAndMorty-frameworks-${CONFIGURATION}-output-files.xcfilelist",
			);
			runOnlyForDeploymentPostprocessing = 0;
			shellPath = /bin/sh;
			shellScript = "\"${PODS_ROOT}/Target Support Files/Pods-RickAndMorty/Pods-RickAndMorty-frameworks.sh\"\n";
			showEnvVarsInLog = 0;
		};
		F5AF24F78A11488DCD64FD01 /* [CP] Check Pods Manifest.lock */ = {
			isa = PBXShellScriptBuildPhase;
			buildActionMask = 2147483647;
			files = (
			);
			inputFileListPaths = (
			);
			inputPaths = (
				"${PODS_PODFILE_DIR_PATH}/Podfile.lock",
				"${PODS_ROOT}/Manifest.lock",
			);
			name = "[CP] Check Pods Manifest.lock";
			outputFileListPaths = (
			);
			outputPaths = (
				"$(DERIVED_FILE_DIR)/Pods-RickAndMorty-checkManifestLockResult.txt",
			);
			runOnlyForDeploymentPostprocessing = 0;
			shellPath = /bin/sh;
			shellScript = "diff \"${PODS_PODFILE_DIR_PATH}/Podfile.lock\" \"${PODS_ROOT}/Manifest.lock\" > /dev/null\nif [ $? != 0 ] ; then\n    # print error to STDERR\n    echo \"error: The sandbox is not in sync with the Podfile.lock. Run 'pod install' or update your CocoaPods installation.\" >&2\n    exit 1\nfi\n# This output is used by Xcode 'outputs' to avoid re-running this script phase.\necho \"SUCCESS\" > \"${SCRIPT_OUTPUT_FILE_0}\"\n";
			showEnvVarsInLog = 0;
		};
/* End PBXShellScriptBuildPhase section */

/* Begin PBXSourcesBuildPhase section */
		7425BDE9288FCF11006F4B63 /* Sources */ = {
			isa = PBXSourcesBuildPhase;
			buildActionMask = 2147483647;
			files = (
				7425BDF5288FCF11006F4B63 /* ViewController.swift in Sources */,
				7425BE0D288FDC7C006F4B63 /* CharacterInfoResult.swift in Sources */,
				7425BDF1288FCF11006F4B63 /* AppDelegate.swift in Sources */,
				749F39E228912DAF00078B67 /* SearchMode.swift in Sources */,
				7425BE10288FDE26006F4B63 /* SearchService.swift in Sources */,
				7425BDF3288FCF11006F4B63 /* SceneDelegate.swift in Sources */,
				7425BE07288FD727006F4B63 /* CharacterTableViewCell.swift in Sources */,
			);
			runOnlyForDeploymentPostprocessing = 0;
		};
/* End PBXSourcesBuildPhase section */

/* Begin PBXVariantGroup section */
		7425BDF6288FCF11006F4B63 /* Main.storyboard */ = {
			isa = PBXVariantGroup;
			children = (
				7425BDF7288FCF11006F4B63 /* Base */,
			);
			name = Main.storyboard;
			sourceTree = "<group>";
		};
		7425BDFB288FCF13006F4B63 /* LaunchScreen.storyboard */ = {
			isa = PBXVariantGroup;
			children = (
				7425BDFC288FCF13006F4B63 /* Base */,
			);
			name = LaunchScreen.storyboard;
			sourceTree = "<group>";
		};
/* End PBXVariantGroup section */

/* Begin XCBuildConfiguration section */
		7425BDFF288FCF13006F4B63 /* Debug */ = {
			isa = XCBuildConfiguration;
			buildSettings = {
				ALWAYS_SEARCH_USER_PATHS = NO;
				CLANG_ANALYZER_NONNULL = YES;
				CLANG_ANALYZER_NUMBER_OBJECT_CONVERSION = YES_AGGRESSIVE;
				CLANG_CXX_LANGUAGE_STANDARD = "gnu++17";
				CLANG_ENABLE_MODULES = YES;
				CLANG_ENABLE_OBJC_ARC = YES;
				CLANG_ENABLE_OBJC_WEAK = YES;
				CLANG_WARN_BLOCK_CAPTURE_AUTORELEASING = YES;
				CLANG_WARN_BOOL_CONVERSION = YES;
				CLANG_WARN_COMMA = YES;
				CLANG_WARN_CONSTANT_CONVERSION = YES;
				CLANG_WARN_DEPRECATED_OBJC_IMPLEMENTATIONS = YES;
				CLANG_WARN_DIRECT_OBJC_ISA_USAGE = YES_ERROR;
				CLANG_WARN_DOCUMENTATION_COMMENTS = YES;
				CLANG_WARN_EMPTY_BODY = YES;
				CLANG_WARN_ENUM_CONVERSION = YES;
				CLANG_WARN_INFINITE_RECURSION = YES;
				CLANG_WARN_INT_CONVERSION = YES;
				CLANG_WARN_NON_LITERAL_NULL_CONVERSION = YES;
				CLANG_WARN_OBJC_IMPLICIT_RETAIN_SELF = YES;
				CLANG_WARN_OBJC_LITERAL_CONVERSION = YES;
				CLANG_WARN_OBJC_ROOT_CLASS = YES_ERROR;
				CLANG_WARN_QUOTED_INCLUDE_IN_FRAMEWORK_HEADER = YES;
				CLANG_WARN_RANGE_LOOP_ANALYSIS = YES;
				CLANG_WARN_STRICT_PROTOTYPES = YES;
				CLANG_WARN_SUSPICIOUS_MOVE = YES;
				CLANG_WARN_UNGUARDED_AVAILABILITY = YES_AGGRESSIVE;
				CLANG_WARN_UNREACHABLE_CODE = YES;
				CLANG_WARN__DUPLICATE_METHOD_MATCH = YES;
				COPY_PHASE_STRIP = NO;
				DEBUG_INFORMATION_FORMAT = dwarf;
				ENABLE_STRICT_OBJC_MSGSEND = YES;
				ENABLE_TESTABILITY = YES;
				GCC_C_LANGUAGE_STANDARD = gnu11;
				GCC_DYNAMIC_NO_PIC = NO;
				GCC_NO_COMMON_BLOCKS = YES;
				GCC_OPTIMIZATION_LEVEL = 0;
				GCC_PREPROCESSOR_DEFINITIONS = (
					"DEBUG=1",
					"$(inherited)",
				);
				GCC_WARN_64_TO_32_BIT_CONVERSION = YES;
				GCC_WARN_ABOUT_RETURN_TYPE = YES_ERROR;
				GCC_WARN_UNDECLARED_SELECTOR = YES;
				GCC_WARN_UNINITIALIZED_AUTOS = YES_AGGRESSIVE;
				GCC_WARN_UNUSED_FUNCTION = YES;
				GCC_WARN_UNUSED_VARIABLE = YES;
				IPHONEOS_DEPLOYMENT_TARGET = 15.5;
				MTL_ENABLE_DEBUG_INFO = INCLUDE_SOURCE;
				MTL_FAST_MATH = YES;
				ONLY_ACTIVE_ARCH = YES;
				SDKROOT = iphoneos;
				SWIFT_ACTIVE_COMPILATION_CONDITIONS = DEBUG;
				SWIFT_OPTIMIZATION_LEVEL = "-Onone";
			};
			name = Debug;
		};
		7425BE00288FCF13006F4B63 /* Release */ = {
			isa = XCBuildConfiguration;
			buildSettings = {
				ALWAYS_SEARCH_USER_PATHS = NO;
				CLANG_ANALYZER_NONNULL = YES;
				CLANG_ANALYZER_NUMBER_OBJECT_CONVERSION = YES_AGGRESSIVE;
				CLANG_CXX_LANGUAGE_STANDARD = "gnu++17";
				CLANG_ENABLE_MODULES = YES;
				CLANG_ENABLE_OBJC_ARC = YES;
				CLANG_ENABLE_OBJC_WEAK = YES;
				CLANG_WARN_BLOCK_CAPTURE_AUTORELEASING = YES;
				CLANG_WARN_BOOL_CONVERSION = YES;
				CLANG_WARN_COMMA = YES;
				CLANG_WARN_CONSTANT_CONVERSION = YES;
				CLANG_WARN_DEPRECATED_OBJC_IMPLEMENTATIONS = YES;
				CLANG_WARN_DIRECT_OBJC_ISA_USAGE = YES_ERROR;
				CLANG_WARN_DOCUMENTATION_COMMENTS = YES;
				CLANG_WARN_EMPTY_BODY = YES;
				CLANG_WARN_ENUM_CONVERSION = YES;
				CLANG_WARN_INFINITE_RECURSION = YES;
				CLANG_WARN_INT_CONVERSION = YES;
				CLANG_WARN_NON_LITERAL_NULL_CONVERSION = YES;
				CLANG_WARN_OBJC_IMPLICIT_RETAIN_SELF = YES;
				CLANG_WARN_OBJC_LITERAL_CONVERSION = YES;
				CLANG_WARN_OBJC_ROOT_CLASS = YES_ERROR;
				CLANG_WARN_QUOTED_INCLUDE_IN_FRAMEWORK_HEADER = YES;
				CLANG_WARN_RANGE_LOOP_ANALYSIS = YES;
				CLANG_WARN_STRICT_PROTOTYPES = YES;
				CLANG_WARN_SUSPICIOUS_MOVE = YES;
				CLANG_WARN_UNGUARDED_AVAILABILITY = YES_AGGRESSIVE;
				CLANG_WARN_UNREACHABLE_CODE = YES;
				CLANG_WARN__DUPLICATE_METHOD_MATCH = YES;
				COPY_PHASE_STRIP = NO;
				DEBUG_INFORMATION_FORMAT = "dwarf-with-dsym";
				ENABLE_NS_ASSERTIONS = NO;
				ENABLE_STRICT_OBJC_MSGSEND = YES;
				GCC_C_LANGUAGE_STANDARD = gnu11;
				GCC_NO_COMMON_BLOCKS = YES;
				GCC_WARN_64_TO_32_BIT_CONVERSION = YES;
				GCC_WARN_ABOUT_RETURN_TYPE = YES_ERROR;
				GCC_WARN_UNDECLARED_SELECTOR = YES;
				GCC_WARN_UNINITIALIZED_AUTOS = YES_AGGRESSIVE;
				GCC_WARN_UNUSED_FUNCTION = YES;
				GCC_WARN_UNUSED_VARIABLE = YES;
				IPHONEOS_DEPLOYMENT_TARGET = 15.5;
				MTL_ENABLE_DEBUG_INFO = NO;
				MTL_FAST_MATH = YES;
				SDKROOT = iphoneos;
				SWIFT_COMPILATION_MODE = wholemodule;
				SWIFT_OPTIMIZATION_LEVEL = "-O";
				VALIDATE_PRODUCT = YES;
			};
			name = Release;
		};
		7425BE02288FCF13006F4B63 /* Debug */ = {
			isa = XCBuildConfiguration;
			baseConfigurationReference = 009D80FB516B89E1BE632939 /* Pods-RickAndMorty.debug.xcconfig */;
			buildSettings = {
				ASSETCATALOG_COMPILER_APPICON_NAME = AppIcon;
				ASSETCATALOG_COMPILER_GLOBAL_ACCENT_COLOR_NAME = AccentColor;
				CODE_SIGN_STYLE = Automatic;
				CURRENT_PROJECT_VERSION = 1;
				GENERATE_INFOPLIST_FILE = YES;
				INFOPLIST_FILE = RickAndMorty/Info.plist;
				INFOPLIST_KEY_UIApplicationSupportsIndirectInputEvents = YES;
				INFOPLIST_KEY_UILaunchStoryboardName = LaunchScreen;
				INFOPLIST_KEY_UIMainStoryboardFile = Main;
				INFOPLIST_KEY_UISupportedInterfaceOrientations_iPad = "UIInterfaceOrientationPortrait UIInterfaceOrientationPortraitUpsideDown UIInterfaceOrientationLandscapeLeft UIInterfaceOrientationLandscapeRight";
				INFOPLIST_KEY_UISupportedInterfaceOrientations_iPhone = "UIInterfaceOrientationPortrait UIInterfaceOrientationLandscapeLeft UIInterfaceOrientationLandscapeRight";
				LD_RUNPATH_SEARCH_PATHS = (
					"$(inherited)",
					"@executable_path/Frameworks",
				);
				MARKETING_VERSION = 1.0;
				PRODUCT_BUNDLE_IDENTIFIER = testAlam.RickAndMorty;
				PRODUCT_NAME = "$(TARGET_NAME)";
				SWIFT_EMIT_LOC_STRINGS = YES;
				SWIFT_VERSION = 5.0;
				TARGETED_DEVICE_FAMILY = "1,2";
			};
			name = Debug;
		};
		7425BE03288FCF13006F4B63 /* Release */ = {
			isa = XCBuildConfiguration;
			baseConfigurationReference = 34ACEC9FA0C3DD15F8BF8F1A /* Pods-RickAndMorty.release.xcconfig */;
			buildSettings = {
				ASSETCATALOG_COMPILER_APPICON_NAME = AppIcon;
				ASSETCATALOG_COMPILER_GLOBAL_ACCENT_COLOR_NAME = AccentColor;
				CODE_SIGN_STYLE = Automatic;
				CURRENT_PROJECT_VERSION = 1;
				GENERATE_INFOPLIST_FILE = YES;
				INFOPLIST_FILE = RickAndMorty/Info.plist;
				INFOPLIST_KEY_UIApplicationSupportsIndirectInputEvents = YES;
				INFOPLIST_KEY_UILaunchStoryboardName = LaunchScreen;
				INFOPLIST_KEY_UIMainStoryboardFile = Main;
				INFOPLIST_KEY_UISupportedInterfaceOrientations_iPad = "UIInterfaceOrientationPortrait UIInterfaceOrientationPortraitUpsideDown UIInterfaceOrientationLandscapeLeft UIInterfaceOrientationLandscapeRight";
				INFOPLIST_KEY_UISupportedInterfaceOrientations_iPhone = "UIInterfaceOrientationPortrait UIInterfaceOrientationLandscapeLeft UIInterfaceOrientationLandscapeRight";
				LD_RUNPATH_SEARCH_PATHS = (
					"$(inherited)",
					"@executable_path/Frameworks",
				);
				MARKETING_VERSION = 1.0;
				PRODUCT_BUNDLE_IDENTIFIER = testAlam.RickAndMorty;
				PRODUCT_NAME = "$(TARGET_NAME)";
				SWIFT_EMIT_LOC_STRINGS = YES;
				SWIFT_VERSION = 5.0;
				TARGETED_DEVICE_FAMILY = "1,2";
			};
			name = Release;
		};
/* End XCBuildConfiguration section */

/* Begin XCConfigurationList section */
		7425BDE8288FCF11006F4B63 /* Build configuration list for PBXProject "RickAndMorty" */ = {
			isa = XCConfigurationList;
			buildConfigurations = (
				7425BDFF288FCF13006F4B63 /* Debug */,
				7425BE00288FCF13006F4B63 /* Release */,
			);
			defaultConfigurationIsVisible = 0;
			defaultConfigurationName = Release;
		};
		7425BE01288FCF13006F4B63 /* Build configuration list for PBXNativeTarget "RickAndMorty" */ = {
			isa = XCConfigurationList;
			buildConfigurations = (
				7425BE02288FCF13006F4B63 /* Debug */,
				7425BE03288FCF13006F4B63 /* Release */,
			);
			defaultConfigurationIsVisible = 0;
			defaultConfigurationName = Release;
		};
/* End XCConfigurationList section */
	};
	rootObject = 7425BDE5288FCF11006F4B63 /* Project object */;
}
